
Microsoft Visual Studio Solution File, Format Version 12.00
# Visual Studio 15
VisualStudioVersion = 15.0.26124.0
MinimumVisualStudioVersion = 15.0.26124.0
Project("{FAE04EC0-301F-11D3-BF4B-00C04F79EFBC}") = "API", "API\API.csproj", "{F26827A4-3004-4A53-BCFB-EF0B563AC507}"
EndProject
Project("{FAE04EC0-301F-11D3-BF4B-00C04F79EFBC}") = "Data", "Data\Data.csproj", "{4FAB82C5-980C-4521-B757-6EC7049F1393}"
EndProject
Global
	GlobalSection(SolutionConfigurationPlatforms) = preSolution
		Debug|Any CPU = Debug|Any CPU
		Debug|x64 = Debug|x64
		Debug|x86 = Debug|x86
		Release|Any CPU = Release|Any CPU
		Release|x64 = Release|x64
		Release|x86 = Release|x86
	EndGlobalSection
	GlobalSection(SolutionProperties) = preSolution
		HideSolutionNode = FALSE
	EndGlobalSection
	GlobalSection(ProjectConfigurationPlatforms) = postSolution
		{F26827A4-3004-4A53-BCFB-EF0B563AC507}.Debug|Any CPU.ActiveCfg = Debug|Any CPU
		{F26827A4-3004-4A53-BCFB-EF0B563AC507}.Debug|Any CPU.Build.0 = Debug|Any CPU
		{F26827A4-3004-4A53-BCFB-EF0B563AC507}.Debug|x64.ActiveCfg = Debug|Any CPU
		{F26827A4-3004-4A53-BCFB-EF0B563AC507}.Debug|x64.Build.0 = Debug|Any CPU
		{F26827A4-3004-4A53-BCFB-EF0B563AC507}.Debug|x86.ActiveCfg = Debug|Any CPU
		{F26827A4-3004-4A53-BCFB-EF0B563AC507}.Debug|x86.Build.0 = Debug|Any CPU
		{F26827A4-3004-4A53-BCFB-EF0B563AC507}.Release|Any CPU.ActiveCfg = Release|Any CPU
		{F26827A4-3004-4A53-BCFB-EF0B563AC507}.Release|Any CPU.Build.0 = Release|Any CPU
		{F26827A4-3004-4A53-BCFB-EF0B563AC507}.Release|x64.ActiveCfg = Release|Any CPU
		{F26827A4-3004-4A53-BCFB-EF0B563AC507}.Release|x64.Build.0 = Release|Any CPU
		{F26827A4-3004-4A53-BCFB-EF0B563AC507}.Release|x86.ActiveCfg = Release|Any CPU
		{F26827A4-3004-4A53-BCFB-EF0B563AC507}.Release|x86.Build.0 = Release|Any CPU
		{4FAB82C5-980C-4521-B757-6EC7049F1393}.Debug|Any CPU.ActiveCfg = Debug|Any CPU
		{4FAB82C5-980C-4521-B757-6EC7049F1393}.Debug|Any CPU.Build.0 = Debug|Any CPU
		{4FAB82C5-980C-4521-B757-6EC7049F1393}.Debug|x64.ActiveCfg = Debug|Any CPU
		{4FAB82C5-980C-4521-B757-6EC7049F1393}.Debug|x64.Build.0 = Debug|Any CPU
		{4FAB82C5-980C-4521-B757-6EC7049F1393}.Debug|x86.ActiveCfg = Debug|Any CPU
		{4FAB82C5-980C-4521-B757-6EC7049F1393}.Debug|x86.Build.0 = Debug|Any CPU
		{4FAB82C5-980C-4521-B757-6EC7049F1393}.Release|Any CPU.ActiveCfg = Release|Any CPU
		{4FAB82C5-980C-4521-B757-6EC7049F1393}.Release|Any CPU.Build.0 = Release|Any CPU
		{4FAB82C5-980C-4521-B757-6EC7049F1393}.Release|x64.ActiveCfg = Release|Any CPU
		{4FAB82C5-980C-4521-B757-6EC7049F1393}.Release|x64.Build.0 = Release|Any CPU
		{4FAB82C5-980C-4521-B757-6EC7049F1393}.Release|x86.ActiveCfg = Release|Any CPU
		{4FAB82C5-980C-4521-B757-6EC7049F1393}.Release|x86.Build.0 = Release|Any CPU
	EndGlobalSection
EndGlobal
